
Microsoft Visual Studio Solution File, Format Version 12.00
# Visual Studio Version 17
VisualStudioVersion = 17.12.35527.113 d17.12
MinimumVisualStudioVersion = 10.0.40219.1
Project("{FAE04EC0-301F-11D3-BF4B-00C04F79EFBC}") = "MainView", "WebView2\MainView.csproj", "{FA26D690-5198-4A5C-ABB1-9D961D934976}"
EndProject
Project("{FAE04EC0-301F-11D3-BF4B-00C04F79EFBC}") = "WebBrowser", "WebBrowser\WebBrowser.csproj", "{B2EB69CB-2E7A-4829-8FA9-2FF9029E44B4}"
EndProject
Global
	GlobalSection(SolutionConfigurationPlatforms) = preSolution
		Debug|Any CPU = Debug|Any CPU
		Release|Any CPU = Release|Any CPU
	EndGlobalSection
	GlobalSection(ProjectConfigurationPlatforms) = postSolution
		{FA26D690-5198-4A5C-ABB1-9D961D934976}.Debug|Any CPU.ActiveCfg = Debug|Any CPU
		{FA26D690-5198-4A5C-ABB1-9D961D934976}.Debug|Any CPU.Build.0 = Debug|Any CPU
		{FA26D690-5198-4A5C-ABB1-9D961D934976}.Release|Any CPU.ActiveCfg = Release|Any CPU
		{FA26D690-5198-4A5C-ABB1-9D961D934976}.Release|Any CPU.Build.0 = Release|Any CPU
		{B2EB69CB-2E7A-4829-8FA9-2FF9029E44B4}.Debug|Any CPU.ActiveCfg = Debug|Any CPU
		{B2EB69CB-2E7A-4829-8FA9-2FF9029E44B4}.Debug|Any CPU.Build.0 = Debug|Any CPU
		{B2EB69CB-2E7A-4829-8FA9-2FF9029E44B4}.Release|Any CPU.ActiveCfg = Release|Any CPU
		{B2EB69CB-2E7A-4829-8FA9-2FF9029E44B4}.Release|Any CPU.Build.0 = Release|Any CPU
	EndGlobalSection
	GlobalSection(SolutionProperties) = preSolution
		HideSolutionNode = FALSE
	EndGlobalSection
EndGlobal
